
Microsoft Visual Studio Solution File, Format Version 12.00
# Visual Studio 2012
Project("{FAE04EC0-301F-11D3-BF4B-00C04F79EFBC}") = "Imageff_project", "Imageff_project\Imageff_project.csproj", "{DC5AB2DD-7BD3-4010-9292-40EE2E2CFECE}"
EndProject
Global
	GlobalSection(SolutionConfigurationPlatforms) = preSolution
		Debug|Any CPU = Debug|Any CPU
		Debug|ARM = Debug|ARM
		Debug|x64 = Debug|x64
		Debug|x86 = Debug|x86
		Release|Any CPU = Release|Any CPU
		Release|ARM = Release|ARM
		Release|x64 = Release|x64
		Release|x86 = Release|x86
	EndGlobalSection
	GlobalSection(ProjectConfigurationPlatforms) = postSolution
		{DC5AB2DD-7BD3-4010-9292-40EE2E2CFECE}.Debug|Any CPU.ActiveCfg = Debug|Any CPU
		{DC5AB2DD-7BD3-4010-9292-40EE2E2CFECE}.Debug|Any CPU.Build.0 = Debug|Any CPU
		{DC5AB2DD-7BD3-4010-9292-40EE2E2CFECE}.Debug|Any CPU.Deploy.0 = Debug|Any CPU
		{DC5AB2DD-7BD3-4010-9292-40EE2E2CFECE}.Debug|ARM.ActiveCfg = Debug|ARM
		{DC5AB2DD-7BD3-4010-9292-40EE2E2CFECE}.Debug|ARM.Build.0 = Debug|ARM
		{DC5AB2DD-7BD3-4010-9292-40EE2E2CFECE}.Debug|ARM.Deploy.0 = Debug|ARM
		{DC5AB2DD-7BD3-4010-9292-40EE2E2CFECE}.Debug|x64.ActiveCfg = Debug|x64
		{DC5AB2DD-7BD3-4010-9292-40EE2E2CFECE}.Debug|x64.Build.0 = Debug|x64
		{DC5AB2DD-7BD3-4010-9292-40EE2E2CFECE}.Debug|x64.Deploy.0 = Debug|x64
		{DC5AB2DD-7BD3-4010-9292-40EE2E2CFECE}.Debug|x86.ActiveCfg = Debug|x86
		{DC5AB2DD-7BD3-4010-9292-40EE2E2CFECE}.Debug|x86.Build.0 = Debug|x86
		{DC5AB2DD-7BD3-4010-9292-40EE2E2CFECE}.Debug|x86.Deploy.0 = Debug|x86
		{DC5AB2DD-7BD3-4010-9292-40EE2E2CFECE}.Release|Any CPU.ActiveCfg = Release|Any CPU
		{DC5AB2DD-7BD3-4010-9292-40EE2E2CFECE}.Release|Any CPU.Build.0 = Release|Any CPU
		{DC5AB2DD-7BD3-4010-9292-40EE2E2CFECE}.Release|Any CPU.Deploy.0 = Release|Any CPU
		{DC5AB2DD-7BD3-4010-9292-40EE2E2CFECE}.Release|ARM.ActiveCfg = Release|ARM
		{DC5AB2DD-7BD3-4010-9292-40EE2E2CFECE}.Release|ARM.Build.0 = Release|ARM
		{DC5AB2DD-7BD3-4010-9292-40EE2E2CFECE}.Release|ARM.Deploy.0 = Release|ARM
		{DC5AB2DD-7BD3-4010-9292-40EE2E2CFECE}.Release|x64.ActiveCfg = Release|x64
		{DC5AB2DD-7BD3-4010-9292-40EE2E2CFECE}.Release|x64.Build.0 = Release|x64
		{DC5AB2DD-7BD3-4010-9292-40EE2E2CFECE}.Release|x64.Deploy.0 = Release|x64
		{DC5AB2DD-7BD3-4010-9292-40EE2E2CFECE}.Release|x86.ActiveCfg = Release|x86
		{DC5AB2DD-7BD3-4010-9292-40EE2E2CFECE}.Release|x86.Build.0 = Release|x86
		{DC5AB2DD-7BD3-4010-9292-40EE2E2CFECE}.Release|x86.Deploy.0 = Release|x86
	EndGlobalSection
	GlobalSection(SolutionProperties) = preSolution
		HideSolutionNode = FALSE
	EndGlobalSection
EndGlobal
